
Microsoft Visual Studio Solution File, Format Version 12.00
# Visual Studio Version 17
VisualStudioVersion = 17.0.32126.317
MinimumVisualStudioVersion = 10.0.40219.1
Project("{8BC9CEB8-8B4A-11D0-8D11-00A0C91BC942}") = "Project1", "Project1.vcxproj", "{CDFEAAA6-56D9-4854-9674-0782A8DA96B0}"
EndProject
Global
	GlobalSection(SolutionConfigurationPlatforms) = preSolution
		Debug|x64 = Debug|x64
		Debug|x86 = Debug|x86
		Release|x64 = Release|x64
		Release|x86 = Release|x86
	EndGlobalSection
	GlobalSection(ProjectConfigurationPlatforms) = postSolution
		{CDFEAAA6-56D9-4854-9674-0782A8DA96B0}.Debug|x64.ActiveCfg = Debug|x64
		{CDFEAAA6-56D9-4854-9674-0782A8DA96B0}.Debug|x64.Build.0 = Debug|x64
		{CDFEAAA6-56D9-4854-9674-0782A8DA96B0}.Debug|x86.ActiveCfg = Debug|Win32
		{CDFEAAA6-56D9-4854-9674-0782A8DA96B0}.Debug|x86.Build.0 = Debug|Win32
		{CDFEAAA6-56D9-4854-9674-0782A8DA96B0}.Release|x64.ActiveCfg = Release|x64
		{CDFEAAA6-56D9-4854-9674-0782A8DA96B0}.Release|x64.Build.0 = Release|x64
		{CDFEAAA6-56D9-4854-9674-0782A8DA96B0}.Release|x86.ActiveCfg = Release|Win32
		{CDFEAAA6-56D9-4854-9674-0782A8DA96B0}.Release|x86.Build.0 = Release|Win32
	EndGlobalSection
	GlobalSection(SolutionProperties) = preSolution
		HideSolutionNode = FALSE
	EndGlobalSection
	GlobalSection(ExtensibilityGlobals) = postSolution
		SolutionGuid = {3C7AE667-4491-4BF5-8F88-46B25491C352}
	EndGlobalSection
EndGlobal
